
Microsoft Visual Studio Solution File, Format Version 12.00
# Visual Studio 2012
Project("{8BC9CEB8-8B4A-11D0-8D11-00A0C91BC942}") = "ctm", "ctm.vcxproj", "{2F15501B-1D54-4025-A9E3-2692B920583D}"
EndProject
Project("{8BC9CEB8-8B4A-11D0-8D11-00A0C91BC942}") = "test", "test\test.vcxproj", "{B0D6902A-9D66-4037-9754-D4510B757810}"
EndProject
Global
	GlobalSection(SolutionConfigurationPlatforms) = preSolution
		Debug|Win32 = Debug|Win32
		Release|Win32 = Release|Win32
	EndGlobalSection
	GlobalSection(ProjectConfigurationPlatforms) = postSolution
		{2F15501B-1D54-4025-A9E3-2692B920583D}.Debug|Win32.ActiveCfg = Debug|Win32
		{2F15501B-1D54-4025-A9E3-2692B920583D}.Debug|Win32.Build.0 = Debug|Win32
		{2F15501B-1D54-4025-A9E3-2692B920583D}.Release|Win32.ActiveCfg = Release|Win32
		{2F15501B-1D54-4025-A9E3-2692B920583D}.Release|Win32.Build.0 = Release|Win32
		{B0D6902A-9D66-4037-9754-D4510B757810}.Debug|Win32.ActiveCfg = Debug|Win32
		{B0D6902A-9D66-4037-9754-D4510B757810}.Debug|Win32.Build.0 = Debug|Win32
		{B0D6902A-9D66-4037-9754-D4510B757810}.Release|Win32.ActiveCfg = Release|Win32
		{B0D6902A-9D66-4037-9754-D4510B757810}.Release|Win32.Build.0 = Release|Win32
	EndGlobalSection
	GlobalSection(SolutionProperties) = preSolution
		HideSolutionNode = FALSE
	EndGlobalSection
EndGlobal
